
Microsoft Visual Studio Solution File, Format Version 12.00
# Visual Studio Version 17
VisualStudioVersion = 17.12.35527.113 d17.12
MinimumVisualStudioVersion = 10.0.40219.1
Project("{FAE04EC0-301F-11D3-BF4B-00C04F79EFBC}") = "CustomList", "CustomList\CustomList.csproj", "{8EE77CBB-ADD9-4792-A982-71D64E1AF5F5}"
EndProject
Global
	GlobalSection(SolutionConfigurationPlatforms) = preSolution
		Debug|Any CPU = Debug|Any CPU
		Release|Any CPU = Release|Any CPU
	EndGlobalSection
	GlobalSection(ProjectConfigurationPlatforms) = postSolution
		{8EE77CBB-ADD9-4792-A982-71D64E1AF5F5}.Debug|Any CPU.ActiveCfg = Debug|Any CPU
		{8EE77CBB-ADD9-4792-A982-71D64E1AF5F5}.Debug|Any CPU.Build.0 = Debug|Any CPU
		{8EE77CBB-ADD9-4792-A982-71D64E1AF5F5}.Release|Any CPU.ActiveCfg = Release|Any CPU
		{8EE77CBB-ADD9-4792-A982-71D64E1AF5F5}.Release|Any CPU.Build.0 = Release|Any CPU
	EndGlobalSection
	GlobalSection(SolutionProperties) = preSolution
		HideSolutionNode = FALSE
	EndGlobalSection
EndGlobal
